
Microsoft Visual Studio Solution File, Format Version 12.00
# Visual Studio Version 17
VisualStudioVersion = 17.4.33213.308
MinimumVisualStudioVersion = 10.0.40219.1
Project("{FAE04EC0-301F-11D3-BF4B-00C04F79EFBC}") = "Specss", "Specss\Specss.csproj", "{388AA886-6C49-496E-8B22-7741B7EC74D4}"
EndProject
Project("{FAE04EC0-301F-11D3-BF4B-00C04F79EFBC}") = "SpecssTest", "SpecssTest\SpecssTest.csproj", "{CAA28794-263D-42A7-92AB-25B39369211B}"
EndProject
Global
	GlobalSection(SolutionConfigurationPlatforms) = preSolution
		Debug|Any CPU = Debug|Any CPU
		Release|Any CPU = Release|Any CPU
	EndGlobalSection
	GlobalSection(ProjectConfigurationPlatforms) = postSolution
		{388AA886-6C49-496E-8B22-7741B7EC74D4}.Debug|Any CPU.ActiveCfg = Debug|Any CPU
		{388AA886-6C49-496E-8B22-7741B7EC74D4}.Debug|Any CPU.Build.0 = Debug|Any CPU
		{388AA886-6C49-496E-8B22-7741B7EC74D4}.Release|Any CPU.ActiveCfg = Release|Any CPU
		{388AA886-6C49-496E-8B22-7741B7EC74D4}.Release|Any CPU.Build.0 = Release|Any CPU
		{CAA28794-263D-42A7-92AB-25B39369211B}.Debug|Any CPU.ActiveCfg = Debug|Any CPU
		{CAA28794-263D-42A7-92AB-25B39369211B}.Debug|Any CPU.Build.0 = Debug|Any CPU
		{CAA28794-263D-42A7-92AB-25B39369211B}.Release|Any CPU.ActiveCfg = Release|Any CPU
		{CAA28794-263D-42A7-92AB-25B39369211B}.Release|Any CPU.Build.0 = Release|Any CPU
	EndGlobalSection
	GlobalSection(SolutionProperties) = preSolution
		HideSolutionNode = FALSE
	EndGlobalSection
	GlobalSection(ExtensibilityGlobals) = postSolution
		SolutionGuid = {FFE025B6-CFAE-4881-B45F-0F65D1C22E19}
	EndGlobalSection
EndGlobal
